// !$*UTF8*$!
{
	archiveVersion = 1;
	classes = {
	};
	objectVersion = 56;
	objects = {

/* Begin PBXBuildFile section */
		7284B7532BC08956006FE93A /* MyLoginPageSwiftUIApp.swift in Sources */ = {isa = PBXBuildFile; fileRef = 7284B7522BC08956006FE93A /* MyLoginPageSwiftUIApp.swift */; };
		7284B7552BC08956006FE93A /* LoginView.swift in Sources */ = {isa = PBXBuildFile; fileRef = 7284B7542BC08956006FE93A /* LoginView.swift */; };
		7284B7572BC08957006FE93A /* Assets.xcassets in Resources */ = {isa = PBXBuildFile; fileRef = 7284B7562BC08957006FE93A /* Assets.xcassets */; };
		7284B75A2BC08957006FE93A /* Preview Assets.xcassets in Resources */ = {isa = PBXBuildFile; fileRef = 7284B7592BC08957006FE93A /* Preview Assets.xcassets */; };
		72AB18C92D3AD70100A7022D /* User.json in Resources */ = {isa = PBXBuildFile; fileRef = 72AB18C82D3AD70100A7022D /* User.json */; };
		72AB18CE2D3AE5D700A7022D /* User.swift in Sources */ = {isa = PBXBuildFile; fileRef = 72AB18CD2D3AE5D700A7022D /* User.swift */; };
		72AB18DA2D3C339A00A7022D /* AppRoutManager.swift in Sources */ = {isa = PBXBuildFile; fileRef = 72AB18D92D3C339A00A7022D /* AppRoutManager.swift */; };
		72DF5EEC2BC7078E0099E917 /* LoginViewModel.swift in Sources */ = {isa = PBXBuildFile; fileRef = 72DF5EEB2BC7078E0099E917 /* LoginViewModel.swift */; };
		72DF5EF02BC860580099E917 /* FirstView.swift in Sources */ = {isa = PBXBuildFile; fileRef = 72DF5EEF2BC860580099E917 /* FirstView.swift */; };
/* End PBXBuildFile section */

/* Begin PBXFileReference section */
		7284B74F2BC08956006FE93A /* MyLoginPageSwiftUI.app */ = {isa = PBXFileReference; explicitFileType = wrapper.application; includeInIndex = 0; path = MyLoginPageSwiftUI.app; sourceTree = BUILT_PRODUCTS_DIR; };
		7284B7522BC08956006FE93A /* MyLoginPageSwiftUIApp.swift */ = {isa = PBXFileReference; lastKnownFileType = sourcecode.swift; path = MyLoginPageSwiftUIApp.swift; sourceTree = "<group>"; };
		7284B7542BC08956006FE93A /* LoginView.swift */ = {isa = PBXFileReference; lastKnownFileType = sourcecode.swift; path = LoginView.swift; sourceTree = "<group>"; };
		7284B7562BC08957006FE93A /* Assets.xcassets */ = {isa = PBXFileReference; lastKnownFileType = folder.assetcatalog; path = Assets.xcassets; sourceTree = "<group>"; };
		7284B7592BC08957006FE93A /* Preview Assets.xcassets */ = {isa = PBXFileReference; lastKnownFileType = folder.assetcatalog; path = "Preview Assets.xcassets"; sourceTree = "<group>"; };
		72AB18C82D3AD70100A7022D /* User.json */ = {isa = PBXFileReference; lastKnownFileType = text.json; path = User.json; sourceTree = "<group>"; };
		72AB18CD2D3AE5D700A7022D /* User.swift */ = {isa = PBXFileReference; lastKnownFileType = sourcecode.swift; path = User.swift; sourceTree = "<group>"; };
		72AB18D92D3C339A00A7022D /* AppRoutManager.swift */ = {isa = PBXFileReference; lastKnownFileType = sourcecode.swift; path = AppRoutManager.swift; sourceTree = "<group>"; };
		72DF5EEB2BC7078E0099E917 /* LoginViewModel.swift */ = {isa = PBXFileReference; lastKnownFileType = sourcecode.swift; path = LoginViewModel.swift; sourceTree = "<group>"; };
		72DF5EEF2BC860580099E917 /* FirstView.swift */ = {isa = PBXFileReference; lastKnownFileType = sourcecode.swift; path = FirstView.swift; sourceTree = "<group>"; };
		72DF5EF12BC997FC0099E917 /* Info.plist */ = {isa = PBXFileReference; lastKnownFileType = text.plist; path = Info.plist; sourceTree = "<group>"; };
/* End PBXFileReference section */

/* Begin PBXFrameworksBuildPhase section */
		7284B74C2BC08956006FE93A /* Frameworks */ = {
			isa = PBXFrameworksBuildPhase;
			buildActionMask = 2147483647;
			files = (
			);
			runOnlyForDeploymentPostprocessing = 0;
		};
/* End PBXFrameworksBuildPhase section */

/* Begin PBXGroup section */
		7284B7462BC08956006FE93A = {
			isa = PBXGroup;
			children = (
				7284B7512BC08956006FE93A /* MyLoginPageSwiftUI */,
				7284B7502BC08956006FE93A /* Products */,
			);
			sourceTree = "<group>";
		};
		7284B7502BC08956006FE93A /* Products */ = {
			isa = PBXGroup;
			children = (
				7284B74F2BC08956006FE93A /* MyLoginPageSwiftUI.app */,
			);
			name = Products;
			sourceTree = "<group>";
		};
		7284B7512BC08956006FE93A /* MyLoginPageSwiftUI */ = {
			isa = PBXGroup;
			children = (
				72AB18D82D3C333F00A7022D /* Manager */,
				72AB18CC2D3AE5C900A7022D /* Model */,
				72DF5EF12BC997FC0099E917 /* Info.plist */,
				72DF5EEA2BC707660099E917 /* ViewModel */,
				7284B7522BC08956006FE93A /* MyLoginPageSwiftUIApp.swift */,
				72DF5EEE2BC860330099E917 /* View */,
				7284B7562BC08957006FE93A /* Assets.xcassets */,
				7284B7582BC08957006FE93A /* Preview Content */,
				72AB18C82D3AD70100A7022D /* User.json */,
			);
			path = MyLoginPageSwiftUI;
			sourceTree = "<group>";
		};
		7284B7582BC08957006FE93A /* Preview Content */ = {
			isa = PBXGroup;
			children = (
				7284B7592BC08957006FE93A /* Preview Assets.xcassets */,
			);
			path = "Preview Content";
			sourceTree = "<group>";
		};
		72AB18CC2D3AE5C900A7022D /* Model */ = {
			isa = PBXGroup;
			children = (
				72AB18CD2D3AE5D700A7022D /* User.swift */,
			);
			path = Model;
			sourceTree = "<group>";
		};
		72AB18D82D3C333F00A7022D /* Manager */ = {
			isa = PBXGroup;
			children = (
				72AB18D92D3C339A00A7022D /* AppRoutManager.swift */,
			);
			path = Manager;
			sourceTree = "<group>";
		};
		72DF5EEA2BC707660099E917 /* ViewModel */ = {
			isa = PBXGroup;
			children = (
				72DF5EEB2BC7078E0099E917 /* LoginViewModel.swift */,
			);
			path = ViewModel;
			sourceTree = "<group>";
		};
		72DF5EEE2BC860330099E917 /* View */ = {
			isa = PBXGroup;
			children = (
				7284B7542BC08956006FE93A /* LoginView.swift */,
				72DF5EEF2BC860580099E917 /* FirstView.swift */,
			);
			path = View;
			sourceTree = "<group>";
		};
/* End PBXGroup section */

/* Begin PBXNativeTarget section */
		7284B74E2BC08956006FE93A /* MyLoginPageSwiftUI */ = {
			isa = PBXNativeTarget;
			buildConfigurationList = 7284B75D2BC08957006FE93A /* Build configuration list for PBXNativeTarget "MyLoginPageSwiftUI" */;
			buildPhases = (
				7284B74B2BC08956006FE93A /* Sources */,
				7284B74C2BC08956006FE93A /* Frameworks */,
				7284B74D2BC08956006FE93A /* Resources */,
			);
			buildRules = (
			);
			dependencies = (
			);
			name = MyLoginPageSwiftUI;
			productName = MyLoginPageSwiftUI;
			productReference = 7284B74F2BC08956006FE93A /* MyLoginPageSwiftUI.app */;
			productType = "com.apple.product-type.application";
		};
/* End PBXNativeTarget section */

/* Begin PBXProject section */
		7284B7472BC08956006FE93A /* Project object */ = {
			isa = PBXProject;
			attributes = {
				BuildIndependentTargetsInParallel = 1;
				LastSwiftUpdateCheck = 1530;
				LastUpgradeCheck = 1530;
				TargetAttributes = {
					7284B74E2BC08956006FE93A = {
						CreatedOnToolsVersion = 15.3;
					};
				};
			};
			buildConfigurationList = 7284B74A2BC08956006FE93A /* Build configuration list for PBXProject "MyLoginPageSwiftUI" */;
			compatibilityVersion = "Xcode 14.0";
			developmentRegion = en;
			hasScannedForEncodings = 0;
			knownRegions = (
				en,
				Base,
			);
			mainGroup = 7284B7462BC08956006FE93A;
			productRefGroup = 7284B7502BC08956006FE93A /* Products */;
			projectDirPath = "";
			projectRoot = "";
			targets = (
				7284B74E2BC08956006FE93A /* MyLoginPageSwiftUI */,
			);
		};
/* End PBXProject section */

/* Begin PBXResourcesBuildPhase section */
		7284B74D2BC08956006FE93A /* Resources */ = {
			isa = PBXResourcesBuildPhase;
			buildActionMask = 2147483647;
			files = (
				7284B75A2BC08957006FE93A /* Preview Assets.xcassets in Resources */,
				72AB18C92D3AD70100A7022D /* User.json in Resources */,
				7284B7572BC08957006FE93A /* Assets.xcassets in Resources */,
			);
			runOnlyForDeploymentPostprocessing = 0;
		};
/* End PBXResourcesBuildPhase section */

/* Begin PBXSourcesBuildPhase section */
		7284B74B2BC08956006FE93A /* Sources */ = {
			isa = PBXSourcesBuildPhase;
			buildActionMask = 2147483647;
			files = (
				7284B7552BC08956006FE93A /* LoginView.swift in Sources */,
				72DF5EF02BC860580099E917 /* FirstView.swift in Sources */,
				7284B7532BC08956006FE93A /* MyLoginPageSwiftUIApp.swift in Sources */,
				72AB18DA2D3C339A00A7022D /* AppRoutManager.swift in Sources */,
				72DF5EEC2BC7078E0099E917 /* LoginViewModel.swift in Sources */,
				72AB18CE2D3AE5D700A7022D /* User.swift in Sources */,
			);
			runOnlyForDeploymentPostprocessing = 0;
		};
/* End PBXSourcesBuildPhase section */

/* Begin XCBuildConfiguration section */
		7284B75B2BC08957006FE93A /* Debug */ = {
			isa = XCBuildConfiguration;
			buildSettings = {
				ALWAYS_SEARCH_USER_PATHS = NO;
				ASSETCATALOG_COMPILER_GENERATE_SWIFT_ASSET_SYMBOL_EXTENSIONS = YES;
				CLANG_ANALYZER_NONNULL = YES;
				CLANG_ANALYZER_NUMBER_OBJECT_CONVERSION = YES_AGGRESSIVE;
				CLANG_CXX_LANGUAGE_STANDARD = "gnu++20";
				CLANG_ENABLE_MODULES = YES;
				CLANG_ENABLE_OBJC_ARC = YES;
				CLANG_ENABLE_OBJC_WEAK = YES;
				CLANG_WARN_BLOCK_CAPTURE_AUTORELEASING = YES;
				CLANG_WARN_BOOL_CONVERSION = YES;
				CLANG_WARN_COMMA = YES;
				CLANG_WARN_CONSTANT_CONVERSION = YES;
				CLANG_WARN_DEPRECATED_OBJC_IMPLEMENTATIONS = YES;
				CLANG_WARN_DIRECT_OBJC_ISA_USAGE = YES_ERROR;
				CLANG_WARN_DOCUMENTATION_COMMENTS = YES;
				CLANG_WARN_EMPTY_BODY = YES;
				CLANG_WARN_ENUM_CONVERSION = YES;
				CLANG_WARN_INFINITE_RECURSION = YES;
				CLANG_WARN_INT_CONVERSION = YES;
				CLANG_WARN_NON_LITERAL_NULL_CONVERSION = YES;
				CLANG_WARN_OBJC_IMPLICIT_RETAIN_SELF = YES;
				CLANG_WARN_OBJC_LITERAL_CONVERSION = YES;
				CLANG_WARN_OBJC_ROOT_CLASS = YES_ERROR;
				CLANG_WARN_QUOTED_INCLUDE_IN_FRAMEWORK_HEADER = YES;
				CLANG_WARN_RANGE_LOOP_ANALYSIS = YES;
				CLANG_WARN_STRICT_PROTOTYPES = YES;
				CLANG_WARN_SUSPICIOUS_MOVE = YES;
				CLANG_WARN_UNGUARDED_AVAILABILITY = YES_AGGRESSIVE;
				CLANG_WARN_UNREACHABLE_CODE = YES;
				CLANG_WARN__DUPLICATE_METHOD_MATCH = YES;
				COPY_PHASE_STRIP = NO;
				DEBUG_INFORMATION_FORMAT = dwarf;
				ENABLE_STRICT_OBJC_MSGSEND = YES;
				ENABLE_TESTABILITY = YES;
				ENABLE_USER_SCRIPT_SANDBOXING = YES;
				GCC_C_LANGUAGE_STANDARD = gnu17;
				GCC_DYNAMIC_NO_PIC = NO;
				GCC_NO_COMMON_BLOCKS = YES;
				GCC_OPTIMIZATION_LEVEL = 0;
				GCC_PREPROCESSOR_DEFINITIONS = (
					"DEBUG=1",
					"$(inherited)",
				);
				GCC_WARN_64_TO_32_BIT_CONVERSION = YES;
				GCC_WARN_ABOUT_RETURN_TYPE = YES_ERROR;
				GCC_WARN_UNDECLARED_SELECTOR = YES;
				GCC_WARN_UNINITIALIZED_AUTOS = YES_AGGRESSIVE;
				GCC_WARN_UNUSED_FUNCTION = YES;
				GCC_WARN_UNUSED_VARIABLE = YES;
				IPHONEOS_DEPLOYMENT_TARGET = 17.4;
				LOCALIZATION_PREFERS_STRING_CATALOGS = YES;
				MTL_ENABLE_DEBUG_INFO = INCLUDE_SOURCE;
				MTL_FAST_MATH = YES;
				ONLY_ACTIVE_ARCH = YES;
				SDKROOT = iphoneos;
				SWIFT_ACTIVE_COMPILATION_CONDITIONS = "DEBUG $(inherited)";
				SWIFT_OPTIMIZATION_LEVEL = "-Onone";
			};
			name = Debug;
		};
		7284B75C2BC08957006FE93A /* Release */ = {
			isa = XCBuildConfiguration;
			buildSettings = {
				ALWAYS_SEARCH_USER_PATHS = NO;
				ASSETCATALOG_COMPILER_GENERATE_SWIFT_ASSET_SYMBOL_EXTENSIONS = YES;
				CLANG_ANALYZER_NONNULL = YES;
				CLANG_ANALYZER_NUMBER_OBJECT_CONVERSION = YES_AGGRESSIVE;
				CLANG_CXX_LANGUAGE_STANDARD = "gnu++20";
				CLANG_ENABLE_MODULES = YES;
				CLANG_ENABLE_OBJC_ARC = YES;
				CLANG_ENABLE_OBJC_WEAK = YES;
				CLANG_WARN_BLOCK_CAPTURE_AUTORELEASING = YES;
				CLANG_WARN_BOOL_CONVERSION = YES;
				CLANG_WARN_COMMA = YES;
				CLANG_WARN_CONSTANT_CONVERSION = YES;
				CLANG_WARN_DEPRECATED_OBJC_IMPLEMENTATIONS = YES;
				CLANG_WARN_DIRECT_OBJC_ISA_USAGE = YES_ERROR;
				CLANG_WARN_DOCUMENTATION_COMMENTS = YES;
				CLANG_WARN_EMPTY_BODY = YES;
				CLANG_WARN_ENUM_CONVERSION = YES;
				CLANG_WARN_INFINITE_RECURSION = YES;
				CLANG_WARN_INT_CONVERSION = YES;
				CLANG_WARN_NON_LITERAL_NULL_CONVERSION = YES;
				CLANG_WARN_OBJC_IMPLICIT_RETAIN_SELF = YES;
				CLANG_WARN_OBJC_LITERAL_CONVERSION = YES;
				CLANG_WARN_OBJC_ROOT_CLASS = YES_ERROR;
				CLANG_WARN_QUOTED_INCLUDE_IN_FRAMEWORK_HEADER = YES;
				CLANG_WARN_RANGE_LOOP_ANALYSIS = YES;
				CLANG_WARN_STRICT_PROTOTYPES = YES;
				CLANG_WARN_SUSPICIOUS_MOVE = YES;
				CLANG_WARN_UNGUARDED_AVAILABILITY = YES_AGGRESSIVE;
				CLANG_WARN_UNREACHABLE_CODE = YES;
				CLANG_WARN__DUPLICATE_METHOD_MATCH = YES;
				COPY_PHASE_STRIP = NO;
				DEBUG_INFORMATION_FORMAT = "dwarf-with-dsym";
				ENABLE_NS_ASSERTIONS = NO;
				ENABLE_STRICT_OBJC_MSGSEND = YES;
				ENABLE_USER_SCRIPT_SANDBOXING = YES;
				GCC_C_LANGUAGE_STANDARD = gnu17;
				GCC_NO_COMMON_BLOCKS = YES;
				GCC_WARN_64_TO_32_BIT_CONVERSION = YES;
				GCC_WARN_ABOUT_RETURN_TYPE = YES_ERROR;
				GCC_WARN_UNDECLARED_SELECTOR = YES;
				GCC_WARN_UNINITIALIZED_AUTOS = YES_AGGRESSIVE;
				GCC_WARN_UNUSED_FUNCTION = YES;
				GCC_WARN_UNUSED_VARIABLE = YES;
				IPHONEOS_DEPLOYMENT_TARGET = 17.4;
				LOCALIZATION_PREFERS_STRING_CATALOGS = YES;
				MTL_ENABLE_DEBUG_INFO = NO;
				MTL_FAST_MATH = YES;
				SDKROOT = iphoneos;
				SWIFT_COMPILATION_MODE = wholemodule;
				VALIDATE_PRODUCT = YES;
			};
			name = Release;
		};
		7284B75E2BC08957006FE93A /* Debug */ = {
			isa = XCBuildConfiguration;
			buildSettings = {
				ASSETCATALOG_COMPILER_APPICON_NAME = AppIcon;
				ASSETCATALOG_COMPILER_GLOBAL_ACCENT_COLOR_NAME = AccentColor;
				CODE_SIGN_STYLE = Automatic;
				CURRENT_PROJECT_VERSION = 1;
				DEVELOPMENT_ASSET_PATHS = "\"MyLoginPageSwiftUI/Preview Content\"";
				DEVELOPMENT_TEAM = L7CTYMKAYE;
				ENABLE_PREVIEWS = YES;
				GENERATE_INFOPLIST_FILE = YES;
				INFOPLIST_FILE = MyLoginPageSwiftUI/Info.plist;
				INFOPLIST_KEY_NSFaceIDUsageDescription = "We need Face ID";
				INFOPLIST_KEY_UIApplicationSceneManifest_Generation = YES;
				INFOPLIST_KEY_UIApplicationSupportsIndirectInputEvents = YES;
				INFOPLIST_KEY_UILaunchScreen_Generation = YES;
				INFOPLIST_KEY_UISupportedInterfaceOrientations_iPad = "UIInterfaceOrientationPortrait UIInterfaceOrientationPortraitUpsideDown UIInterfaceOrientationLandscapeLeft UIInterfaceOrientationLandscapeRight";
				INFOPLIST_KEY_UISupportedInterfaceOrientations_iPhone = "UIInterfaceOrientationPortrait UIInterfaceOrientationLandscapeLeft UIInterfaceOrientationLandscapeRight";
				IPHONEOS_DEPLOYMENT_TARGET = 17.0;
				LD_RUNPATH_SEARCH_PATHS = (
					"$(inherited)",
					"@executable_path/Frameworks",
				);
				MARKETING_VERSION = 1.0;
				PRODUCT_BUNDLE_IDENTIFIER = com.dunpatrick.MyLoginPageSwiftUI;
				PRODUCT_NAME = "$(TARGET_NAME)";
				SWIFT_EMIT_LOC_STRINGS = YES;
				SWIFT_VERSION = 5.0;
				TARGETED_DEVICE_FAMILY = "1,2";
			};
			name = Debug;
		};
		7284B75F2BC08957006FE93A /* Release */ = {
			isa = XCBuildConfiguration;
			buildSettings = {
				ASSETCATALOG_COMPILER_APPICON_NAME = AppIcon;
				ASSETCATALOG_COMPILER_GLOBAL_ACCENT_COLOR_NAME = AccentColor;
				CODE_SIGN_STYLE = Automatic;
				CURRENT_PROJECT_VERSION = 1;
				DEVELOPMENT_ASSET_PATHS = "\"MyLoginPageSwiftUI/Preview Content\"";
				DEVELOPMENT_TEAM = L7CTYMKAYE;
				ENABLE_PREVIEWS = YES;
				GENERATE_INFOPLIST_FILE = YES;
				INFOPLIST_FILE = MyLoginPageSwiftUI/Info.plist;
				INFOPLIST_KEY_NSFaceIDUsageDescription = "We need Face ID";
				INFOPLIST_KEY_UIApplicationSceneManifest_Generation = YES;
				INFOPLIST_KEY_UIApplicationSupportsIndirectInputEvents = YES;
				INFOPLIST_KEY_UILaunchScreen_Generation = YES;
				INFOPLIST_KEY_UISupportedInterfaceOrientations_iPad = "UIInterfaceOrientationPortrait UIInterfaceOrientationPortraitUpsideDown UIInterfaceOrientationLandscapeLeft UIInterfaceOrientationLandscapeRight";
				INFOPLIST_KEY_UISupportedInterfaceOrientations_iPhone = "UIInterfaceOrientationPortrait UIInterfaceOrientationLandscapeLeft UIInterfaceOrientationLandscapeRight";
				IPHONEOS_DEPLOYMENT_TARGET = 17.0;
				LD_RUNPATH_SEARCH_PATHS = (
					"$(inherited)",
					"@executable_path/Frameworks",
				);
				MARKETING_VERSION = 1.0;
				PRODUCT_BUNDLE_IDENTIFIER = com.dunpatrick.MyLoginPageSwiftUI;
				PRODUCT_NAME = "$(TARGET_NAME)";
				SWIFT_EMIT_LOC_STRINGS = YES;
				SWIFT_VERSION = 5.0;
				TARGETED_DEVICE_FAMILY = "1,2";
			};
			name = Release;
		};
/* End XCBuildConfiguration section */

/* Begin XCConfigurationList section */
		7284B74A2BC08956006FE93A /* Build configuration list for PBXProject "MyLoginPageSwiftUI" */ = {
			isa = XCConfigurationList;
			buildConfigurations = (
				7284B75B2BC08957006FE93A /* Debug */,
				7284B75C2BC08957006FE93A /* Release */,
			);
			defaultConfigurationIsVisible = 0;
			defaultConfigurationName = Release;
		};
		7284B75D2BC08957006FE93A /* Build configuration list for PBXNativeTarget "MyLoginPageSwiftUI" */ = {
			isa = XCConfigurationList;
			buildConfigurations = (
				7284B75E2BC08957006FE93A /* Debug */,
				7284B75F2BC08957006FE93A /* Release */,
			);
			defaultConfigurationIsVisible = 0;
			defaultConfigurationName = Release;
		};
/* End XCConfigurationList section */
	};
	rootObject = 7284B7472BC08956006FE93A /* Project object */;
}
